# THIS IS AN AUTOGENERATED FILE. DO NOT EDIT THIS FILE DIRECTLY.
# yarn lockfile v1


"@vates/read-chunk@^0.1.2":
  version "0.1.2"
  resolved "https://registry.yarnpkg.com/@vates/read-chunk/-/read-chunk-0.1.2.tgz#983942dbfa0404d68f70a67c89c54130a1cdd08a"
  integrity sha512-DAnyiZq1PHnRCtf9rsXdbZuEcJOThtn7D6gLUrgmQ4r1nESZcJazZBdr2v0lvM0oos7JEhYobhl7wPu3ViyzVQ==

"@xen-orchestra/log@^0.2.1":
  version "0.2.1"
  resolved "https://registry.yarnpkg.com/@xen-orchestra/log/-/log-0.2.1.tgz#780b506fcb44c11c1c66431541ee86630166309c"
  integrity sha512-SUlY8HJ6DOxnQem+8CZAO1J9F33EiAkv/3oafkCKAZXdE82EzDCSysv5rfNs5h5eeZJAzVPRYQIQ31YtoHeinw==
  dependencies:
    lodash "^4.17.4"
    promise-toolbox "^0.19.2"

async-iterator-to-stream@^1.0.2:
  version "1.2.0"
  resolved "https://registry.yarnpkg.com/async-iterator-to-stream/-/async-iterator-to-stream-1.2.0.tgz#fd90483e3a308be2b5a1cf2d28d6f62f4f7923e0"
  integrity sha512-6R+mWdZgHpmXpvovdsl+/gidRgl0Wf18ADozWPA5isk9XBzJnzpVBH7qcZZbKG72eytJlNXBN3rWgmwzd4Wr8A==
  dependencies:
    readable-stream "^3.0.5"

at-least-node@^1.0.0:
  version "1.0.0"
  resolved "https://registry.yarnpkg.com/at-least-node/-/at-least-node-1.0.0.tgz#602cd4b46e844ad4effc92a8011a3c46e0238dc2"
  integrity sha512-+q/t7Ekv1EDY2l6Gda6LLiX14rU9TV20Wa3ofeQmwPFZbOMo9DXrLbOjFaaclkXKWidIaopwAObQDqwWtGUjqg==

core-util-is@~1.0.0:
  version "1.0.2"
  resolved "https://registry.yarnpkg.com/core-util-is/-/core-util-is-1.0.2.tgz#b5fd54220aa2bc5ab57aab7140c940754503c1a7"
  integrity sha1-tf1UIgqivFq1eqtxQMlAdUUDwac=

debug@2:
  version "2.6.9"
  resolved "https://registry.yarnpkg.com/debug/-/debug-2.6.9.tgz#5d128515df134ff327e90a4c93f4e077a536341f"
  integrity sha512-bC7ElrdJaJnPbAP+1EotYvqZsb3ecl5wi6Bfi6BJTUcNowp6cvspg0jXznRTKDjm/E7AdgFBVeAPVMNcKGsHMA==
  dependencies:
    ms "2.0.0"

event-loop-delay@^1.0.0:
  version "1.0.1"
  resolved "https://registry.yarnpkg.com/event-loop-delay/-/event-loop-delay-1.0.1.tgz#c0e7e30a37e3ce77b1a179a23bee72cf34bcec9f"
  integrity sha512-O7nq//Wqk2gY8IWqrQHJtlzT/Hbsn0alxX09J0RZ5Bljsfvd+xRtGGnurh+BFatzkNkGi5Ddd/vsA0v2K79g0A==
  dependencies:
    napi-macros "^2.0.0"
    node-gyp-build "^4.2.0"

fs-extra@^9.0.0:
  version "9.1.0"
  resolved "https://registry.yarnpkg.com/fs-extra/-/fs-extra-9.1.0.tgz#5954460c764a8da2094ba3554bf839e6b9a7c86d"
  integrity sha512-hcg3ZmepS30/7BSFqRvoo3DOMQu7IjqxO5nCDt+zM9XWjb33Wg7ziNT+Qvqbuc3+gWpzO02JubVyk2G4Zvo1OQ==
  dependencies:
    at-least-node "^1.0.0"
    graceful-fs "^4.2.0"
    jsonfile "^6.0.1"
    universalify "^2.0.0"

getopts@^2.2.3:
  version "2.3.0"
  resolved "https://registry.yarnpkg.com/getopts/-/getopts-2.3.0.tgz#71e5593284807e03e2427449d4f6712a268666f4"
  integrity sha512-5eDf9fuSXwxBL6q5HX+dhDj+dslFGWzU5thZ9kNKUkcPtaPdatmUFKwHFrLb/uf/WpA4BHET+AX3Scl56cAjpA==

golike-defer@^0.5.1:
  version "0.5.1"
  resolved "https://registry.yarnpkg.com/golike-defer/-/golike-defer-0.5.1.tgz#64ead6f3ba71ca3318e9a9de2bd316debe057b8a"
  integrity sha512-8PBDAYO7tTGWBt2BGJ25s1sSVl2orsgdrrZ9zPyHOus1BvbIuqTRZyNaczPNzyXCfH+IJLildTXPZXvUxEkvgA==

graceful-fs@^4.1.6, graceful-fs@^4.2.0:
  version "4.2.8"
  resolved "https://registry.yarnpkg.com/graceful-fs/-/graceful-fs-4.2.8.tgz#e412b8d33f5e006593cbd3cee6df9f2cebbe802a"
  integrity sha512-qkIilPUYcNhJpd33n0GBXTB1MMPp14TxEsEs0pTrsSVucApsYzW5V+Q8Qxhik6KU3evy+qkAAowTByymK0avdg==

human-format@^0.11.0:
  version "0.11.0"
  resolved "https://registry.yarnpkg.com/human-format/-/human-format-0.11.0.tgz#bfc85a6e135f9a9292d641a38e979ed9f82557e9"
  integrity sha512-g4UtoBnhfitCjkGjjiOlY8tkmArIcrstBa5adihxSJwSde1A7iQzvrNLB5ceX89FHXzYi9yTi04t3m82J/XIag==

inherits@^2.0.3, inherits@~2.0.3:
  version "2.0.4"
  resolved "https://registry.yarnpkg.com/inherits/-/inherits-2.0.4.tgz#0fa2c64f932917c3433a0ded55363aae37416b7c"
  integrity sha512-k/vGaX4/Yla3WzyMCvTQOXYeIHvqOKtnqBduzTHpzpQZzAskKMhZ2K+EnBiSM9zGSoIFeMpXKxa4dYeZIQqewQ==

isarray@~1.0.0:
  version "1.0.0"
  resolved "https://registry.yarnpkg.com/isarray/-/isarray-1.0.0.tgz#bb935d48582cba168c06834957a54a3e07124f11"
  integrity sha1-u5NdSFgsuhaMBoNJV6VKPgcSTxE=

jsonfile@^6.0.1:
  version "6.1.0"
  resolved "https://registry.yarnpkg.com/jsonfile/-/jsonfile-6.1.0.tgz#bc55b2634793c679ec6403094eb13698a6ec0aae"
  integrity sha512-5dgndWOriYSm5cnYaJNhalLNDKOqFwyDB/rr1E9ZsGciGvKPs8R2xYGCacuf3z6K1YKDz182fd+fY3cn3pMqXQ==
  dependencies:
    universalify "^2.0.0"
  optionalDependencies:
    graceful-fs "^4.1.6"

limit-concurrency-decorator@^0.5.0:
  version "0.5.0"
  resolved "https://registry.yarnpkg.com/limit-concurrency-decorator/-/limit-concurrency-decorator-0.5.0.tgz#7455fc7c8d12e93ce725cb98dc18b861397dd726"
  integrity sha512-s5HqdnTpRJhvK/vleMY3qJ3yEfIQ1BUCUqbBJwtXCKngMSc+qpS1Rl6/rxdhr1Z/oQz3keYho6G4XCFSHb7nbA==

lodash@^4.17.4:
  version "4.17.21"
  resolved "https://registry.yarnpkg.com/lodash/-/lodash-4.17.21.tgz#679591c564c3bffaae8454cf0b3df370c3d6911c"
  integrity sha512-v2kDEe57lecTulaDIuNTPy3Ry4gLGJ6Z1O3vE1krgXZNrsQ+LFTGHVxVjcXPs17LhbZVGedAJv8XZ1tvj5FvSg==

make-error@^1.3.2:
  version "1.3.6"
  resolved "https://registry.yarnpkg.com/make-error/-/make-error-1.3.6.tgz#2eb2e37ea9b67c4891f684a1394799af484cf7a2"
  integrity sha512-s8UhlNe7vPKomQhC1qFelMokr/Sc3AgNbso3n74mVPA5LTZwkB9NlXf4XPamLxJE8h0gh73rM94xvwRT2CVInw==

ms@2.0.0:
  version "2.0.0"
  resolved "https://registry.yarnpkg.com/ms/-/ms-2.0.0.tgz#5608aeadfc00be6c2901df5f9861788de0d597c8"
  integrity sha1-VgiurfwAvmwpAd9fmGF4jeDVl8g=

napi-macros@^2.0.0:
  version "2.0.0"
  resolved "https://registry.yarnpkg.com/napi-macros/-/napi-macros-2.0.0.tgz#2b6bae421e7b96eb687aa6c77a7858640670001b"
  integrity sha512-A0xLykHtARfueITVDernsAWdtIMbOJgKgcluwENp3AlsKN/PloyO10HtmoqnFAQAcxPkgZN7wdfPfEd0zNGxbg==

node-gyp-build@^4.2.0:
  version "4.2.3"
  resolved "https://registry.yarnpkg.com/node-gyp-build/-/node-gyp-build-4.2.3.tgz#ce6277f853835f718829efb47db20f3e4d9c4739"
  integrity sha512-MN6ZpzmfNCRM+3t57PTJHgHyw/h4OWnZ6mR8P5j/uZtqQr46RRuDE/P+g3n0YR/AiYXeWixZZzaip77gdICfRg==

prettier-bytes@^1.0.4:
  version "1.0.4"
  resolved "https://registry.yarnpkg.com/prettier-bytes/-/prettier-bytes-1.0.4.tgz#994b02aa46f699c50b6257b5faaa7fe2557e62d6"
  integrity sha1-mUsCqkb2mcULYle1+qp/4lV+YtY=

process-nextick-args@~2.0.0:
  version "2.0.1"
  resolved "https://registry.yarnpkg.com/process-nextick-args/-/process-nextick-args-2.0.1.tgz#7820d9b16120cc55ca9ae7792680ae7dba6d7fe2"
  integrity sha512-3ouUOpQhtgrbOa17J7+uxOTpITYWaGP7/AhoR3+A+/1e9skrzelGi/dXzEYyvbxubEF6Wn2ypscTKiKJFFn1ag==

process-top@^1.0.0:
  version "1.2.0"
  resolved "https://registry.yarnpkg.com/process-top/-/process-top-1.2.0.tgz#0443a7b2c61b0aae1207fa5562cb23252df986b6"
  integrity sha512-R0WlpJe+os9deHxqua2S62gp7/IuWNG4T7buG0/VKwFg9/Zk5eicaI1IlwkBL3s+NXHBqdaKw/HgeG+kGL4bLw==
  dependencies:
    event-loop-delay "^1.0.0"
    prettier-bytes "^1.0.4"

progress-stream@^2.0.0:
  version "2.0.0"
  resolved "https://registry.yarnpkg.com/progress-stream/-/progress-stream-2.0.0.tgz#fac63a0b3d11deacbb0969abcc93b214bce19ed5"
  integrity sha1-+sY6Cz0R3qy7CWmrzJOyFLzhntU=
  dependencies:
    speedometer "~1.0.0"
    through2 "~2.0.3"

promise-toolbox@^0.19.2:
  version "0.19.2"
  resolved "https://registry.yarnpkg.com/promise-toolbox/-/promise-toolbox-0.19.2.tgz#7453d117313a9afba6add0c67c46210f7b5833f8"
  integrity sha512-3956j2kaS4nJG1ANd4SZBQj8GrxLSlvfpVzMT4I7k7K8BkhhpAChXOI3B1VMlU7TQstShBh4D4uKt9zFjahKNg==
  dependencies:
    make-error "^1.3.2"

"readable-stream@>= 0.3.0", readable-stream@^3.0.5, readable-stream@^3.1.1:
  version "3.6.0"
  resolved "https://registry.yarnpkg.com/readable-stream/-/readable-stream-3.6.0.tgz#337bbda3adc0706bd3e024426a286d4b4b2c9198"
  integrity sha512-BViHy7LKeTz4oNnkcLJ+lVSL6vpiFeX6/d3oSH8zCW7UxP2onchk+vTGB143xuFjHS3deTgkKoXXymXqymiIdA==
  dependencies:
    inherits "^2.0.3"
    string_decoder "^1.1.1"
    util-deprecate "^1.0.1"

readable-stream@~2.3.6:
  version "2.3.7"
  resolved "https://registry.yarnpkg.com/readable-stream/-/readable-stream-2.3.7.tgz#1eca1cf711aef814c04f62252a36a62f6cb23b57"
  integrity sha512-Ebho8K4jIbHAxnuxi7o42OrZgF/ZTNcsZj6nRKyUmkhLFq8CHItp/fy6hQZuZmP/n3yZ9VBUbp4zz/mX8hmYPw==
  dependencies:
    core-util-is "~1.0.0"
    inherits "~2.0.3"
    isarray "~1.0.0"
    process-nextick-args "~2.0.0"
    safe-buffer "~5.1.1"
    string_decoder "~1.1.1"
    util-deprecate "~1.0.1"

safe-buffer@~5.1.0, safe-buffer@~5.1.1:
  version "5.1.2"
  resolved "https://registry.yarnpkg.com/safe-buffer/-/safe-buffer-5.1.2.tgz#991ec69d296e0313747d59bdfd2b745c35f8828d"
  integrity sha512-Gd2UZBJDkXlY7GbJxfsE8/nvKkUEU1G38c1siN6QP6a9PT9MmHB8GnpscSmMJSoF8LOIrt8ud/wPtojys4G6+g==

safe-buffer@~5.2.0:
  version "5.2.1"
  resolved "https://registry.yarnpkg.com/safe-buffer/-/safe-buffer-5.2.1.tgz#1eaf9fa9bdb1fdd4ec75f58f9cdb4e6b7827eec6"
  integrity sha512-rp3So07KcdmmKbGvgaNxQSJr7bGVSVk5S9Eq1F+ppbRo70+YeaDxkw5Dd8NPN+GD6bjnYm2VuPuCXmpuYvmCXQ==

speedometer@~1.0.0:
  version "1.0.0"
  resolved "https://registry.yarnpkg.com/speedometer/-/speedometer-1.0.0.tgz#cd671cb06752c22bca3370e2f334440be4fc62e2"
  integrity sha1-zWccsGdSwivKM3Di8zREC+T8YuI=

"stream-parser@>= 0.0.2":
  version "0.3.1"
  resolved "https://registry.yarnpkg.com/stream-parser/-/stream-parser-0.3.1.tgz#1618548694420021a1182ff0af1911c129761773"
  integrity sha1-FhhUhpRCACGhGC/wrxkRwSl2F3M=
  dependencies:
    debug "2"

string_decoder@^1.1.1:
  version "1.3.0"
  resolved "https://registry.yarnpkg.com/string_decoder/-/string_decoder-1.3.0.tgz#42f114594a46cf1a8e30b0a84f56c78c3edac21e"
  integrity sha512-hkRX8U1WjJFd8LsDJ2yQ/wWWxaopEsABU1XfkM8A+j0+85JAGppt16cr1Whg6KIbb4okU6Mql6BOj+uup/wKeA==
  dependencies:
    safe-buffer "~5.2.0"

string_decoder@~1.1.1:
  version "1.1.1"
  resolved "https://registry.yarnpkg.com/string_decoder/-/string_decoder-1.1.1.tgz#9cf1611ba62685d7030ae9e4ba34149c3af03fc8"
  integrity sha512-n/ShnvDi6FHbbVfviro+WojiFzv+s8MPMHBczVePfUpDJLwoLT0ht1l4YwBCbi8pJAveEEdnkHyPyTP/mzRfwg==
  dependencies:
    safe-buffer "~5.1.0"

struct-fu@^1.2.0:
  version "1.2.1"
  resolved "https://registry.yarnpkg.com/struct-fu/-/struct-fu-1.2.1.tgz#1b8920bf44b669914e969393de51bb2e920be551"
  integrity sha512-QrtfoBRe+RixlBJl852/Gu7tLLTdx3kWs3MFzY1OHNrSsYYK7aIAnzqsncYRWrKGG/QSItDmOTlELMxehw4Gjw==

throttle@^1.0.3:
  version "1.0.3"
  resolved "https://registry.yarnpkg.com/throttle/-/throttle-1.0.3.tgz#8a32e4a15f1763d997948317c5ebe3ad8a41e4b7"
  integrity sha1-ijLkoV8XY9mXlIMXxevjrYpB5Lc=
  dependencies:
    readable-stream ">= 0.3.0"
    stream-parser ">= 0.0.2"

through2@~2.0.3:
  version "2.0.5"
  resolved "https://registry.yarnpkg.com/through2/-/through2-2.0.5.tgz#01c1e39eb31d07cb7d03a96a70823260b23132cd"
  integrity sha512-/mrRod8xqpA+IHSLyGCQ2s8SPHiCDEeQJSep1jqLYeEUClOFG2Qsh+4FU6G9VeqpZnGW/Su8LQGc4YKni5rYSQ==
  dependencies:
    readable-stream "~2.3.6"
    xtend "~4.0.1"

universalify@^2.0.0:
  version "2.0.0"
  resolved "https://registry.yarnpkg.com/universalify/-/universalify-2.0.0.tgz#75a4984efedc4b08975c5aeb73f530d02df25717"
  integrity sha512-hAZsKq7Yy11Zu1DE0OzWjw7nnLZmJZYTDZZyEFHZdUhV8FkH5MCfoU1XMaxXovpyW5nq5scPqq0ZDP9Zyl04oQ==

util-deprecate@^1.0.1, util-deprecate@~1.0.1:
  version "1.0.2"
  resolved "https://registry.yarnpkg.com/util-deprecate/-/util-deprecate-1.0.2.tgz#450d4dc9fa70de732762fbd2d4a28981419a0ccf"
  integrity sha1-RQ1Nyfpw3nMnYvvS1KKJgUGaDM8=

uuid@^8.3.1:
  version "8.3.2"
  resolved "https://registry.yarnpkg.com/uuid/-/uuid-8.3.2.tgz#80d5b5ced271bb9af6c445f21a1a04c606cefbe2"
  integrity sha512-+NYs2QeMWy+GWFOEm9xnn6HCDp0l7QBD7ml8zLUmJ+93Q5NF0NocErnwkTkXVFNiX3/fpC6afS8Dhb/gz7R7eg==

vhd-lib@^1.1.0:
  version "1.1.0"
  resolved "https://registry.yarnpkg.com/vhd-lib/-/vhd-lib-1.1.0.tgz#151e285d85b9d6760556b2ea848e05055be9d438"
  integrity sha512-ZkVJKhF8RkOmma6NQdpe4M9Trj9VToEkxdkBf9W7QJD1c34tSLK/sRoMS0GPQ3287Fc/b5yv6apMH5a8u0olSQ==
  dependencies:
    "@vates/read-chunk" "^0.1.2"
    "@xen-orchestra/log" "^0.2.1"
    async-iterator-to-stream "^1.0.2"
    fs-extra "^9.0.0"
    limit-concurrency-decorator "^0.5.0"
    lodash "^4.17.4"
    promise-toolbox "^0.19.2"
    struct-fu "^1.2.0"
    uuid "^8.3.1"

xtend@~4.0.1:
  version "4.0.2"
  resolved "https://registry.yarnpkg.com/xtend/-/xtend-4.0.2.tgz#bb72779f5fa465186b1f438f674fa347fdb5db54"
  integrity sha512-LKYU1iAXJXUgAXn9URjiu+MWhyUXHsvfp7mcuYm9dSUKK0/CjtrUwFAxD82/mCWbtLsGjFIad0wIsod4zrTAEQ==
